
Microsoft Visual Studio Solution File, Format Version 12.00
Project("{FAE04EC0-301F-11D3-BF4B-00C04F79EFBC}") = "Tier1", "Tier1\Tier1.csproj", "{D39D8BA3-69D7-4AF4-9F11-029866453B46}"
EndProject
Global
	GlobalSection(SolutionConfigurationPlatforms) = preSolution
		Debug|Any CPU = Debug|Any CPU
		Release|Any CPU = Release|Any CPU
	EndGlobalSection
	GlobalSection(ProjectConfigurationPlatforms) = postSolution
		{D39D8BA3-69D7-4AF4-9F11-029866453B46}.Debug|Any CPU.ActiveCfg = Debug|Any CPU
		{D39D8BA3-69D7-4AF4-9F11-029866453B46}.Debug|Any CPU.Build.0 = Debug|Any CPU
		{D39D8BA3-69D7-4AF4-9F11-029866453B46}.Release|Any CPU.ActiveCfg = Release|Any CPU
		{D39D8BA3-69D7-4AF4-9F11-029866453B46}.Release|Any CPU.Build.0 = Release|Any CPU
	EndGlobalSection
EndGlobal
